<?xml version="1.0" encoding="utf-8"?>
<Project ToolsVersion="4.0" xmlns="http://schemas.microsoft.com/developer/msbuild/2003">
  <ItemGroup>
    <Filter Include="Source Files">
      <UniqueIdentifier>{eb70edd3-b823-4f8b-9e77-81373b123d2c}</UniqueIdentifier>
    </Filter>
    <Filter Include="Header Files">
      <UniqueIdentifier>{afc535df-3351-427e-a9b8-85d0b3b8df10}</UniqueIdentifier>
    </Filter>
  </ItemGroup>
  <ItemGroup>
    <CudaCompile Include="SR.cu">
      <Filter>Source Files</Filter>
    </CudaCompile>
    <CudaCompile Include="SR_GPU_Functions.cu">
      <Filter>Source Files</Filter>
    </CudaCompile>
    <CudaCompile Include="SR_GPU2.cu">
      <Filter>Source Files</Filter>
    </CudaCompile>
    <CudaCompile Include="superResolution_GPU.cu">
      <Filter>Source Files</Filter>
    </CudaCompile>
  </ItemGroup>
  <ItemGroup>
    <ClCompile Include="SR_CPU.cpp">
      <Filter>Source Files</Filter>
    </ClCompile>
    <ClCompile Include="SR_factory.cpp">
      <Filter>Source Files</Filter>
    </ClCompile>
  </ItemGroup>
  <ItemGroup>
    <ClInclude Include="..\include\superResolution\SR.h">
      <Filter>Header Files</Filter>
    </ClInclude>
    <ClInclude Include="..\include\superResolution\SR_CPU.h">
      <Filter>Header Files</Filter>
    </ClInclude>
    <ClInclude Include="..\include\superResolution\SR_factory.h">
      <Filter>Header Files</Filter>
    </ClInclude>
    <ClInclude Include="..\include\superResolution\SR_GPU_Functions.h">
      <Filter>Header Files</Filter>
    </ClInclude>
    <ClInclude Include="..\include\superResolution\SR_GPU2.h">
      <Filter>Header Files</Filter>
    </ClInclude>
    <ClInclude Include="..\include\superResolution\superResolution_GPU.h">
      <Filter>Header Files</Filter>
    </ClInclude>
  </ItemGroup>
</Project>